// !$*UTF8*$!
{
	archiveVersion = 1;
	classes = {
	};
	objectVersion = 56;
	objects = {

/* Begin PBXBuildFile section */
		99F1B8AF2A3A3D4A000E6C88 /* GonzaloMRZaraRyMApp.swift in Sources */ = {isa = PBXBuildFile; fileRef = 99F1B8AE2A3A3D4A000E6C88 /* GonzaloMRZaraRyMApp.swift */; };
		99F1B8B32A3A3D4C000E6C88 /* Assets.xcassets in Resources */ = {isa = PBXBuildFile; fileRef = 99F1B8B22A3A3D4C000E6C88 /* Assets.xcassets */; };
		99F1B8B62A3A3D4C000E6C88 /* Preview Assets.xcassets in Resources */ = {isa = PBXBuildFile; fileRef = 99F1B8B52A3A3D4C000E6C88 /* Preview Assets.xcassets */; };
		99F1B8BE2A3A3EAB000E6C88 /* NetworkClient.swift in Sources */ = {isa = PBXBuildFile; fileRef = 99F1B8BD2A3A3EAB000E6C88 /* NetworkClient.swift */; };
		99F1B8C02A3A3F10000E6C88 /* RyMEndPoint.swift in Sources */ = {isa = PBXBuildFile; fileRef = 99F1B8BF2A3A3F10000E6C88 /* RyMEndPoint.swift */; };
		99F1B8C22A3A3F4D000E6C88 /* RyMServices.swift in Sources */ = {isa = PBXBuildFile; fileRef = 99F1B8C12A3A3F4D000E6C88 /* RyMServices.swift */; };
		99F1B8C52A3A4040000E6C88 /* RyMModels.swift in Sources */ = {isa = PBXBuildFile; fileRef = 99F1B8C42A3A4040000E6C88 /* RyMModels.swift */; };
		99F1B8C82A3A420F000E6C88 /* RyMViewModel.swift in Sources */ = {isa = PBXBuildFile; fileRef = 99F1B8C72A3A420F000E6C88 /* RyMViewModel.swift */; };
		99F1B8CB2A3B0EBE000E6C88 /* ListView.swift in Sources */ = {isa = PBXBuildFile; fileRef = 99F1B8CA2A3B0EBE000E6C88 /* ListView.swift */; };
		99F1B8CD2A3B1FBA000E6C88 /* DetailView.swift in Sources */ = {isa = PBXBuildFile; fileRef = 99F1B8CC2A3B1FBA000E6C88 /* DetailView.swift */; };
		99F1B8D02A3B3E03000E6C88 /* CachedAsyncImage.swift in Sources */ = {isa = PBXBuildFile; fileRef = 99F1B8CF2A3B3E03000E6C88 /* CachedAsyncImage.swift */; };
/* End PBXBuildFile section */

/* Begin PBXFileReference section */
		990F4F152A3FC33600DF2D60 /* Info.plist */ = {isa = PBXFileReference; lastKnownFileType = text.plist; path = Info.plist; sourceTree = "<group>"; };
		99F1B8AB2A3A3D4A000E6C88 /* GonzaloMRZaraRyM.app */ = {isa = PBXFileReference; explicitFileType = wrapper.application; includeInIndex = 0; path = GonzaloMRZaraRyM.app; sourceTree = BUILT_PRODUCTS_DIR; };
		99F1B8AE2A3A3D4A000E6C88 /* GonzaloMRZaraRyMApp.swift */ = {isa = PBXFileReference; lastKnownFileType = sourcecode.swift; path = GonzaloMRZaraRyMApp.swift; sourceTree = "<group>"; };
		99F1B8B22A3A3D4C000E6C88 /* Assets.xcassets */ = {isa = PBXFileReference; lastKnownFileType = folder.assetcatalog; path = Assets.xcassets; sourceTree = "<group>"; };
		99F1B8B52A3A3D4C000E6C88 /* Preview Assets.xcassets */ = {isa = PBXFileReference; lastKnownFileType = folder.assetcatalog; path = "Preview Assets.xcassets"; sourceTree = "<group>"; };
		99F1B8BD2A3A3EAB000E6C88 /* NetworkClient.swift */ = {isa = PBXFileReference; lastKnownFileType = sourcecode.swift; path = NetworkClient.swift; sourceTree = "<group>"; };
		99F1B8BF2A3A3F10000E6C88 /* RyMEndPoint.swift */ = {isa = PBXFileReference; lastKnownFileType = sourcecode.swift; path = RyMEndPoint.swift; sourceTree = "<group>"; };
		99F1B8C12A3A3F4D000E6C88 /* RyMServices.swift */ = {isa = PBXFileReference; lastKnownFileType = sourcecode.swift; path = RyMServices.swift; sourceTree = "<group>"; };
		99F1B8C42A3A4040000E6C88 /* RyMModels.swift */ = {isa = PBXFileReference; lastKnownFileType = sourcecode.swift; path = RyMModels.swift; sourceTree = "<group>"; };
		99F1B8C72A3A420F000E6C88 /* RyMViewModel.swift */ = {isa = PBXFileReference; lastKnownFileType = sourcecode.swift; path = RyMViewModel.swift; sourceTree = "<group>"; };
		99F1B8CA2A3B0EBE000E6C88 /* ListView.swift */ = {isa = PBXFileReference; lastKnownFileType = sourcecode.swift; path = ListView.swift; sourceTree = "<group>"; };
		99F1B8CC2A3B1FBA000E6C88 /* DetailView.swift */ = {isa = PBXFileReference; lastKnownFileType = sourcecode.swift; path = DetailView.swift; sourceTree = "<group>"; };
		99F1B8CF2A3B3E03000E6C88 /* CachedAsyncImage.swift */ = {isa = PBXFileReference; lastKnownFileType = sourcecode.swift; path = CachedAsyncImage.swift; sourceTree = "<group>"; };
/* End PBXFileReference section */

/* Begin PBXFrameworksBuildPhase section */
		99F1B8A82A3A3D4A000E6C88 /* Frameworks */ = {
			isa = PBXFrameworksBuildPhase;
			buildActionMask = 2147483647;
			files = (
			);
			runOnlyForDeploymentPostprocessing = 0;
		};
/* End PBXFrameworksBuildPhase section */

/* Begin PBXGroup section */
		99F1B8A22A3A3D4A000E6C88 = {
			isa = PBXGroup;
			children = (
				99F1B8AD2A3A3D4A000E6C88 /* GonzaloMRZaraRyM */,
				99F1B8AC2A3A3D4A000E6C88 /* Products */,
			);
			sourceTree = "<group>";
		};
		99F1B8AC2A3A3D4A000E6C88 /* Products */ = {
			isa = PBXGroup;
			children = (
				99F1B8AB2A3A3D4A000E6C88 /* GonzaloMRZaraRyM.app */,
			);
			name = Products;
			sourceTree = "<group>";
		};
		99F1B8AD2A3A3D4A000E6C88 /* GonzaloMRZaraRyM */ = {
			isa = PBXGroup;
			children = (
				990F4F152A3FC33600DF2D60 /* Info.plist */,
				99F1B8CE2A3B3DEE000E6C88 /* Utils */,
				99F1B8C92A3B0E72000E6C88 /* Views */,
				99F1B8C62A3A41F6000E6C88 /* ViewModels */,
				99F1B8C32A3A3F73000E6C88 /* Model */,
				99F1B8BC2A3A3E19000E6C88 /* Provider */,
				99F1B8AE2A3A3D4A000E6C88 /* GonzaloMRZaraRyMApp.swift */,
				99F1B8B22A3A3D4C000E6C88 /* Assets.xcassets */,
				99F1B8B42A3A3D4C000E6C88 /* Preview Content */,
			);
			path = GonzaloMRZaraRyM;
			sourceTree = "<group>";
		};
		99F1B8B42A3A3D4C000E6C88 /* Preview Content */ = {
			isa = PBXGroup;
			children = (
				99F1B8B52A3A3D4C000E6C88 /* Preview Assets.xcassets */,
			);
			path = "Preview Content";
			sourceTree = "<group>";
		};
		99F1B8BC2A3A3E19000E6C88 /* Provider */ = {
			isa = PBXGroup;
			children = (
				99F1B8BD2A3A3EAB000E6C88 /* NetworkClient.swift */,
				99F1B8BF2A3A3F10000E6C88 /* RyMEndPoint.swift */,
				99F1B8C12A3A3F4D000E6C88 /* RyMServices.swift */,
			);
			path = Provider;
			sourceTree = "<group>";
		};
		99F1B8C32A3A3F73000E6C88 /* Model */ = {
			isa = PBXGroup;
			children = (
				99F1B8C42A3A4040000E6C88 /* RyMModels.swift */,
			);
			path = Model;
			sourceTree = "<group>";
		};
		99F1B8C62A3A41F6000E6C88 /* ViewModels */ = {
			isa = PBXGroup;
			children = (
				99F1B8C72A3A420F000E6C88 /* RyMViewModel.swift */,
			);
			path = ViewModels;
			sourceTree = "<group>";
		};
		99F1B8C92A3B0E72000E6C88 /* Views */ = {
			isa = PBXGroup;
			children = (
				99F1B8CA2A3B0EBE000E6C88 /* ListView.swift */,
				99F1B8CC2A3B1FBA000E6C88 /* DetailView.swift */,
			);
			path = Views;
			sourceTree = "<group>";
		};
		99F1B8CE2A3B3DEE000E6C88 /* Utils */ = {
			isa = PBXGroup;
			children = (
				99F1B8CF2A3B3E03000E6C88 /* CachedAsyncImage.swift */,
			);
			path = Utils;
			sourceTree = "<group>";
		};
/* End PBXGroup section */

/* Begin PBXNativeTarget section */
		99F1B8AA2A3A3D4A000E6C88 /* GonzaloMRZaraRyM */ = {
			isa = PBXNativeTarget;
			buildConfigurationList = 99F1B8B92A3A3D4C000E6C88 /* Build configuration list for PBXNativeTarget "GonzaloMRZaraRyM" */;
			buildPhases = (
				99F1B8A72A3A3D4A000E6C88 /* Sources */,
				99F1B8A82A3A3D4A000E6C88 /* Frameworks */,
				99F1B8A92A3A3D4A000E6C88 /* Resources */,
			);
			buildRules = (
			);
			dependencies = (
			);
			name = GonzaloMRZaraRyM;
			productName = GonzaloMRZaraRyM;
			productReference = 99F1B8AB2A3A3D4A000E6C88 /* GonzaloMRZaraRyM.app */;
			productType = "com.apple.product-type.application";
		};
/* End PBXNativeTarget section */

/* Begin PBXProject section */
		99F1B8A32A3A3D4A000E6C88 /* Project object */ = {
			isa = PBXProject;
			attributes = {
				BuildIndependentTargetsInParallel = 1;
				LastSwiftUpdateCheck = 1430;
				LastUpgradeCheck = 1430;
				TargetAttributes = {
					99F1B8AA2A3A3D4A000E6C88 = {
						CreatedOnToolsVersion = 14.3.1;
					};
				};
			};
			buildConfigurationList = 99F1B8A62A3A3D4A000E6C88 /* Build configuration list for PBXProject "GonzaloMRZaraRyM" */;
			compatibilityVersion = "Xcode 14.0";
			developmentRegion = en;
			hasScannedForEncodings = 0;
			knownRegions = (
				en,
				Base,
			);
			mainGroup = 99F1B8A22A3A3D4A000E6C88;
			productRefGroup = 99F1B8AC2A3A3D4A000E6C88 /* Products */;
			projectDirPath = "";
			projectRoot = "";
			targets = (
				99F1B8AA2A3A3D4A000E6C88 /* GonzaloMRZaraRyM */,
			);
		};
/* End PBXProject section */

/* Begin PBXResourcesBuildPhase section */
		99F1B8A92A3A3D4A000E6C88 /* Resources */ = {
			isa = PBXResourcesBuildPhase;
			buildActionMask = 2147483647;
			files = (
				99F1B8B62A3A3D4C000E6C88 /* Preview Assets.xcassets in Resources */,
				99F1B8B32A3A3D4C000E6C88 /* Assets.xcassets in Resources */,
			);
			runOnlyForDeploymentPostprocessing = 0;
		};
/* End PBXResourcesBuildPhase section */

/* Begin PBXSourcesBuildPhase section */
		99F1B8A72A3A3D4A000E6C88 /* Sources */ = {
			isa = PBXSourcesBuildPhase;
			buildActionMask = 2147483647;
			files = (
				99F1B8CB2A3B0EBE000E6C88 /* ListView.swift in Sources */,
				99F1B8CD2A3B1FBA000E6C88 /* DetailView.swift in Sources */,
				99F1B8C02A3A3F10000E6C88 /* RyMEndPoint.swift in Sources */,
				99F1B8C82A3A420F000E6C88 /* RyMViewModel.swift in Sources */,
				99F1B8AF2A3A3D4A000E6C88 /* GonzaloMRZaraRyMApp.swift in Sources */,
				99F1B8C22A3A3F4D000E6C88 /* RyMServices.swift in Sources */,
				99F1B8C52A3A4040000E6C88 /* RyMModels.swift in Sources */,
				99F1B8BE2A3A3EAB000E6C88 /* NetworkClient.swift in Sources */,
				99F1B8D02A3B3E03000E6C88 /* CachedAsyncImage.swift in Sources */,
			);
			runOnlyForDeploymentPostprocessing = 0;
		};
/* End PBXSourcesBuildPhase section */

/* Begin XCBuildConfiguration section */
		99F1B8B72A3A3D4C000E6C88 /* Debug */ = {
			isa = XCBuildConfiguration;
			buildSettings = {
				ALWAYS_SEARCH_USER_PATHS = NO;
				CLANG_ANALYZER_NONNULL = YES;
				CLANG_ANALYZER_NUMBER_OBJECT_CONVERSION = YES_AGGRESSIVE;
				CLANG_CXX_LANGUAGE_STANDARD = "gnu++20";
				CLANG_ENABLE_MODULES = YES;
				CLANG_ENABLE_OBJC_ARC = YES;
				CLANG_ENABLE_OBJC_WEAK = YES;
				CLANG_WARN_BLOCK_CAPTURE_AUTORELEASING = YES;
				CLANG_WARN_BOOL_CONVERSION = YES;
				CLANG_WARN_COMMA = YES;
				CLANG_WARN_CONSTANT_CONVERSION = YES;
				CLANG_WARN_DEPRECATED_OBJC_IMPLEMENTATIONS = YES;
				CLANG_WARN_DIRECT_OBJC_ISA_USAGE = YES_ERROR;
				CLANG_WARN_DOCUMENTATION_COMMENTS = YES;
				CLANG_WARN_EMPTY_BODY = YES;
				CLANG_WARN_ENUM_CONVERSION = YES;
				CLANG_WARN_INFINITE_RECURSION = YES;
				CLANG_WARN_INT_CONVERSION = YES;
				CLANG_WARN_NON_LITERAL_NULL_CONVERSION = YES;
				CLANG_WARN_OBJC_IMPLICIT_RETAIN_SELF = YES;
				CLANG_WARN_OBJC_LITERAL_CONVERSION = YES;
				CLANG_WARN_OBJC_ROOT_CLASS = YES_ERROR;
				CLANG_WARN_QUOTED_INCLUDE_IN_FRAMEWORK_HEADER = YES;
				CLANG_WARN_RANGE_LOOP_ANALYSIS = YES;
				CLANG_WARN_STRICT_PROTOTYPES = YES;
				CLANG_WARN_SUSPICIOUS_MOVE = YES;
				CLANG_WARN_UNGUARDED_AVAILABILITY = YES_AGGRESSIVE;
				CLANG_WARN_UNREACHABLE_CODE = YES;
				CLANG_WARN__DUPLICATE_METHOD_MATCH = YES;
				COPY_PHASE_STRIP = NO;
				DEBUG_INFORMATION_FORMAT = dwarf;
				ENABLE_STRICT_OBJC_MSGSEND = YES;
				ENABLE_TESTABILITY = YES;
				GCC_C_LANGUAGE_STANDARD = gnu11;
				GCC_DYNAMIC_NO_PIC = NO;
				GCC_NO_COMMON_BLOCKS = YES;
				GCC_OPTIMIZATION_LEVEL = 0;
				GCC_PREPROCESSOR_DEFINITIONS = (
					"DEBUG=1",
					"$(inherited)",
				);
				GCC_WARN_64_TO_32_BIT_CONVERSION = YES;
				GCC_WARN_ABOUT_RETURN_TYPE = YES_ERROR;
				GCC_WARN_UNDECLARED_SELECTOR = YES;
				GCC_WARN_UNINITIALIZED_AUTOS = YES_AGGRESSIVE;
				GCC_WARN_UNUSED_FUNCTION = YES;
				GCC_WARN_UNUSED_VARIABLE = YES;
				IPHONEOS_DEPLOYMENT_TARGET = 16.4;
				MTL_ENABLE_DEBUG_INFO = INCLUDE_SOURCE;
				MTL_FAST_MATH = YES;
				ONLY_ACTIVE_ARCH = YES;
				SDKROOT = iphoneos;
				SWIFT_ACTIVE_COMPILATION_CONDITIONS = DEBUG;
				SWIFT_OPTIMIZATION_LEVEL = "-Onone";
			};
			name = Debug;
		};
		99F1B8B82A3A3D4C000E6C88 /* Release */ = {
			isa = XCBuildConfiguration;
			buildSettings = {
				ALWAYS_SEARCH_USER_PATHS = NO;
				CLANG_ANALYZER_NONNULL = YES;
				CLANG_ANALYZER_NUMBER_OBJECT_CONVERSION = YES_AGGRESSIVE;
				CLANG_CXX_LANGUAGE_STANDARD = "gnu++20";
				CLANG_ENABLE_MODULES = YES;
				CLANG_ENABLE_OBJC_ARC = YES;
				CLANG_ENABLE_OBJC_WEAK = YES;
				CLANG_WARN_BLOCK_CAPTURE_AUTORELEASING = YES;
				CLANG_WARN_BOOL_CONVERSION = YES;
				CLANG_WARN_COMMA = YES;
				CLANG_WARN_CONSTANT_CONVERSION = YES;
				CLANG_WARN_DEPRECATED_OBJC_IMPLEMENTATIONS = YES;
				CLANG_WARN_DIRECT_OBJC_ISA_USAGE = YES_ERROR;
				CLANG_WARN_DOCUMENTATION_COMMENTS = YES;
				CLANG_WARN_EMPTY_BODY = YES;
				CLANG_WARN_ENUM_CONVERSION = YES;
				CLANG_WARN_INFINITE_RECURSION = YES;
				CLANG_WARN_INT_CONVERSION = YES;
				CLANG_WARN_NON_LITERAL_NULL_CONVERSION = YES;
				CLANG_WARN_OBJC_IMPLICIT_RETAIN_SELF = YES;
				CLANG_WARN_OBJC_LITERAL_CONVERSION = YES;
				CLANG_WARN_OBJC_ROOT_CLASS = YES_ERROR;
				CLANG_WARN_QUOTED_INCLUDE_IN_FRAMEWORK_HEADER = YES;
				CLANG_WARN_RANGE_LOOP_ANALYSIS = YES;
				CLANG_WARN_STRICT_PROTOTYPES = YES;
				CLANG_WARN_SUSPICIOUS_MOVE = YES;
				CLANG_WARN_UNGUARDED_AVAILABILITY = YES_AGGRESSIVE;
				CLANG_WARN_UNREACHABLE_CODE = YES;
				CLANG_WARN__DUPLICATE_METHOD_MATCH = YES;
				COPY_PHASE_STRIP = NO;
				DEBUG_INFORMATION_FORMAT = "dwarf-with-dsym";
				ENABLE_NS_ASSERTIONS = NO;
				ENABLE_STRICT_OBJC_MSGSEND = YES;
				GCC_C_LANGUAGE_STANDARD = gnu11;
				GCC_NO_COMMON_BLOCKS = YES;
				GCC_WARN_64_TO_32_BIT_CONVERSION = YES;
				GCC_WARN_ABOUT_RETURN_TYPE = YES_ERROR;
				GCC_WARN_UNDECLARED_SELECTOR = YES;
				GCC_WARN_UNINITIALIZED_AUTOS = YES_AGGRESSIVE;
				GCC_WARN_UNUSED_FUNCTION = YES;
				GCC_WARN_UNUSED_VARIABLE = YES;
				IPHONEOS_DEPLOYMENT_TARGET = 16.4;
				MTL_ENABLE_DEBUG_INFO = NO;
				MTL_FAST_MATH = YES;
				SDKROOT = iphoneos;
				SWIFT_COMPILATION_MODE = wholemodule;
				SWIFT_OPTIMIZATION_LEVEL = "-O";
				VALIDATE_PRODUCT = YES;
			};
			name = Release;
		};
		99F1B8BA2A3A3D4C000E6C88 /* Debug */ = {
			isa = XCBuildConfiguration;
			buildSettings = {
				ASSETCATALOG_COMPILER_APPICON_NAME = AppIcon;
				ASSETCATALOG_COMPILER_GLOBAL_ACCENT_COLOR_NAME = AccentColor;
				CODE_SIGN_STYLE = Automatic;
				CURRENT_PROJECT_VERSION = 1;
				DEVELOPMENT_ASSET_PATHS = "\"GonzaloMRZaraRyM/Preview Content\"";
				DEVELOPMENT_TEAM = G57JV9MNSX;
				ENABLE_PREVIEWS = YES;
				GENERATE_INFOPLIST_FILE = YES;
				INFOPLIST_FILE = GonzaloMRZaraRyM/Info.plist;
				INFOPLIST_KEY_UIApplicationSceneManifest_Generation = YES;
				INFOPLIST_KEY_UIApplicationSupportsIndirectInputEvents = YES;
				INFOPLIST_KEY_UISupportedInterfaceOrientations_iPad = "UIInterfaceOrientationPortrait UIInterfaceOrientationPortraitUpsideDown UIInterfaceOrientationLandscapeLeft UIInterfaceOrientationLandscapeRight";
				INFOPLIST_KEY_UISupportedInterfaceOrientations_iPhone = "UIInterfaceOrientationPortrait UIInterfaceOrientationLandscapeLeft UIInterfaceOrientationLandscapeRight";
				LD_RUNPATH_SEARCH_PATHS = (
					"$(inherited)",
					"@executable_path/Frameworks",
				);
				MARKETING_VERSION = 1.0;
				PRODUCT_BUNDLE_IDENTIFIER = Neoris.GonzaloMRZaraRyM;
				PRODUCT_NAME = "$(TARGET_NAME)";
				SWIFT_EMIT_LOC_STRINGS = YES;
				SWIFT_VERSION = 5.0;
				TARGETED_DEVICE_FAMILY = "1,2";
			};
			name = Debug;
		};
		99F1B8BB2A3A3D4C000E6C88 /* Release */ = {
			isa = XCBuildConfiguration;
			buildSettings = {
				ASSETCATALOG_COMPILER_APPICON_NAME = AppIcon;
				ASSETCATALOG_COMPILER_GLOBAL_ACCENT_COLOR_NAME = AccentColor;
				CODE_SIGN_STYLE = Automatic;
				CURRENT_PROJECT_VERSION = 1;
				DEVELOPMENT_ASSET_PATHS = "\"GonzaloMRZaraRyM/Preview Content\"";
				DEVELOPMENT_TEAM = G57JV9MNSX;
				ENABLE_PREVIEWS = YES;
				GENERATE_INFOPLIST_FILE = YES;
				INFOPLIST_FILE = GonzaloMRZaraRyM/Info.plist;
				INFOPLIST_KEY_UIApplicationSceneManifest_Generation = YES;
				INFOPLIST_KEY_UIApplicationSupportsIndirectInputEvents = YES;
				INFOPLIST_KEY_UISupportedInterfaceOrientations_iPad = "UIInterfaceOrientationPortrait UIInterfaceOrientationPortraitUpsideDown UIInterfaceOrientationLandscapeLeft UIInterfaceOrientationLandscapeRight";
				INFOPLIST_KEY_UISupportedInterfaceOrientations_iPhone = "UIInterfaceOrientationPortrait UIInterfaceOrientationLandscapeLeft UIInterfaceOrientationLandscapeRight";
				LD_RUNPATH_SEARCH_PATHS = (
					"$(inherited)",
					"@executable_path/Frameworks",
				);
				MARKETING_VERSION = 1.0;
				PRODUCT_BUNDLE_IDENTIFIER = Neoris.GonzaloMRZaraRyM;
				PRODUCT_NAME = "$(TARGET_NAME)";
				SWIFT_EMIT_LOC_STRINGS = YES;
				SWIFT_VERSION = 5.0;
				TARGETED_DEVICE_FAMILY = "1,2";
			};
			name = Release;
		};
/* End XCBuildConfiguration section */

/* Begin XCConfigurationList section */
		99F1B8A62A3A3D4A000E6C88 /* Build configuration list for PBXProject "GonzaloMRZaraRyM" */ = {
			isa = XCConfigurationList;
			buildConfigurations = (
				99F1B8B72A3A3D4C000E6C88 /* Debug */,
				99F1B8B82A3A3D4C000E6C88 /* Release */,
			);
			defaultConfigurationIsVisible = 0;
			defaultConfigurationName = Release;
		};
		99F1B8B92A3A3D4C000E6C88 /* Build configuration list for PBXNativeTarget "GonzaloMRZaraRyM" */ = {
			isa = XCConfigurationList;
			buildConfigurations = (
				99F1B8BA2A3A3D4C000E6C88 /* Debug */,
				99F1B8BB2A3A3D4C000E6C88 /* Release */,
			);
			defaultConfigurationIsVisible = 0;
			defaultConfigurationName = Release;
		};
/* End XCConfigurationList section */
	};
	rootObject = 99F1B8A32A3A3D4A000E6C88 /* Project object */;
}
